{
  "version": 4,
  "terraform_version": "0.12.29",
  "serial": 101,
  "lineage": "16fd0c45-f866-b008-19ec-172f21d94e63",
  "outputs": {},
  "resources": [
    {
      "mode": "data",
      "type": "aws_caller_identity",
      "name": "current",
      "provider": "provider.aws",
      "instances": [
        {
          "schema_version": 0,
          "attributes": {
            "account_id": "644153193116",
            "arn": "arn:aws:sts::644153193116:assumed-role/OrganizationAccountAccessRole/1605560187035566883",
            "id": "644153193116",
            "user_id": "AROAJ5D5H7CEOESKQ3D4S:1605560187035566883"
          }
        }
      ]
    },
    {
      "mode": "data",
      "type": "aws_iam_policy_document",
      "name": "ecs_task_assume_role",
      "provider": "provider.aws",
      "instances": [
        {
          "schema_version": 0,
          "attributes": {
            "id": "1514853729",
            "json": "{\n  \"Version\": \"2012-10-17\",\n  \"Statement\": [\n    {\n      \"Sid\": \"AssumeRoleToSwitchRole\",\n      \"Effect\": \"Allow\",\n      \"Action\": \"sts:AssumeRole\",\n      \"Principal\": {\n        \"Service\": \"ecs-tasks.amazonaws.com\"\n      }\n    }\n  ]\n}",
            "override_json": null,
            "policy_id": null,
            "source_json": null,
            "statement": [
              {
                "actions": [
                  "sts:AssumeRole"
                ],
                "condition": [],
                "effect": "Allow",
                "not_actions": [],
                "not_principals": [],
                "not_resources": [],
                "principals": [
                  {
                    "identifiers": [
                      "ecs-tasks.amazonaws.com"
                    ],
                    "type": "Service"
                  }
                ],
                "resources": [],
                "sid": "AssumeRoleToSwitchRole"
              }
            ],
            "version": "2012-10-17"
          }
        }
      ]
    },
    {
      "mode": "data",
      "type": "aws_iam_policy_document",
      "name": "service_assume_role",
      "provider": "provider.aws",
      "instances": [
        {
          "schema_version": 0,
          "attributes": {
            "id": "3622649364",
            "json": "{\n  \"Version\": \"2012-10-17\",\n  \"Statement\": [\n    {\n      \"Sid\": \"\",\n      \"Effect\": \"Allow\",\n      \"Action\": \"sts:AssumeRole\",\n      \"Principal\": {\n        \"Service\": \"ecs.amazonaws.com\"\n      }\n    }\n  ]\n}",
            "override_json": null,
            "policy_id": null,
            "source_json": null,
            "statement": [
              {
                "actions": [
                  "sts:AssumeRole"
                ],
                "condition": [],
                "effect": "Allow",
                "not_actions": [],
                "not_principals": [],
                "not_resources": [],
                "principals": [
                  {
                    "identifiers": [
                      "ecs.amazonaws.com"
                    ],
                    "type": "Service"
                  }
                ],
                "resources": [],
                "sid": ""
              }
            ],
            "version": "2012-10-17"
          }
        }
      ]
    },
    {
      "mode": "data",
      "type": "aws_iam_policy_document",
      "name": "service_policy",
      "provider": "provider.aws",
      "instances": [
        {
          "schema_version": 0,
          "attributes": {
            "id": "2635622059",
            "json": "{\n  \"Version\": \"2012-10-17\",\n  \"Statement\": [\n    {\n      \"Sid\": \"\",\n      \"Effect\": \"Allow\",\n      \"Action\": \"logs:*\",\n      \"Resource\": \"*\"\n    },\n    {\n      \"Sid\": \"\",\n      \"Effect\": \"Allow\",\n      \"Action\": [\n        \"logs:PutLogEvents\",\n        \"logs:CreateLogStream\",\n        \"ecs:UpdateContainerInstancesState\",\n        \"ecs:Submit*\",\n        \"ecs:StartTelemetrySession\",\n        \"ecs:RegisterContainerInstance\",\n        \"ecs:Poll\",\n        \"ecs:DiscoverPollEndpoint\",\n        \"ecs:DeregisterContainerInstance\",\n        \"ecs:CreateCluster\",\n        \"ecr:GetDownloadUrlForLayer\",\n        \"ecr:GetAuthorizationToken\",\n        \"ecr:BatchGetImage\",\n        \"ecr:BatchCheckLayerAvailability\",\n        \"ec2:Describe*\"\n      ],\n      \"Resource\": \"*\"\n    }\n  ]\n}",
            "override_json": null,
            "policy_id": null,
            "source_json": null,
            "statement": [
              {
                "actions": [
                  "logs:*"
                ],
                "condition": [],
                "effect": "Allow",
                "not_actions": [],
                "not_principals": [],
                "not_resources": [],
                "principals": [],
                "resources": [
                  "*"
                ],
                "sid": ""
              },
              {
                "actions": [
                  "ec2:Describe*",
                  "ecr:BatchCheckLayerAvailability",
                  "ecr:BatchGetImage",
                  "ecr:GetAuthorizationToken",
                  "ecr:GetDownloadUrlForLayer",
                  "ecs:CreateCluster",
                  "ecs:DeregisterContainerInstance",
                  "ecs:DiscoverPollEndpoint",
                  "ecs:Poll",
                  "ecs:RegisterContainerInstance",
                  "ecs:StartTelemetrySession",
                  "ecs:Submit*",
                  "ecs:UpdateContainerInstancesState",
                  "logs:CreateLogStream",
                  "logs:PutLogEvents"
                ],
                "condition": [],
                "effect": "Allow",
                "not_actions": [],
                "not_principals": [],
                "not_resources": [],
                "principals": [],
                "resources": [
                  "*"
                ],
                "sid": ""
              }
            ],
            "version": "2012-10-17"
          }
        }
      ]
    },
    {
      "mode": "data",
      "type": "aws_iam_policy_document",
      "name": "task_execution",
      "provider": "provider.aws",
      "instances": [
        {
          "schema_version": 0,
          "attributes": {
            "id": "1173092143",
            "json": "{\n  \"Version\": \"2012-10-17\",\n  \"Statement\": [\n    {\n      \"Sid\": \"\",\n      \"Effect\": \"Allow\",\n      \"Action\": [\n        \"logs:PutLogEvents\",\n        \"logs:CreateLogStream\",\n        \"ecs:UpdateContainerInstancesState\",\n        \"ecs:Submit*\",\n        \"ecs:StartTelemetrySession\",\n        \"ecs:RegisterContainerInstance\",\n        \"ecs:Poll\",\n        \"ecs:DiscoverPollEndpoint\",\n        \"ecs:DeregisterContainerInstance\",\n        \"ecr:GetDownloadUrlForLayer\",\n        \"ecr:GetAuthorizationToken\",\n        \"ecr:BatchGetImage\",\n        \"ecr:BatchCheckLayerAvailability\"\n      ],\n      \"Resource\": \"*\"\n    },\n    {\n      \"Sid\": \"\",\n      \"Effect\": \"Allow\",\n      \"Action\": \"ssm:GetParameter*\",\n      \"Resource\": \"arn:aws:ssm:*:644153193116:parameter/teste-sso/*\"\n    }\n  ]\n}",
            "override_json": null,
            "policy_id": null,
            "source_json": null,
            "statement": [
              {
                "actions": [
                  "ecr:BatchCheckLayerAvailability",
                  "ecr:BatchGetImage",
                  "ecr:GetAuthorizationToken",
                  "ecr:GetDownloadUrlForLayer",
                  "ecs:DeregisterContainerInstance",
                  "ecs:DiscoverPollEndpoint",
                  "ecs:Poll",
                  "ecs:RegisterContainerInstance",
                  "ecs:StartTelemetrySession",
                  "ecs:Submit*",
                  "ecs:UpdateContainerInstancesState",
                  "logs:CreateLogStream",
                  "logs:PutLogEvents"
                ],
                "condition": [],
                "effect": "Allow",
                "not_actions": [],
                "not_principals": [],
                "not_resources": [],
                "principals": [],
                "resources": [
                  "*"
                ],
                "sid": ""
              },
              {
                "actions": [
                  "ssm:GetParameter*"
                ],
                "condition": [],
                "effect": "Allow",
                "not_actions": [],
                "not_principals": [],
                "not_resources": [],
                "principals": [],
                "resources": [
                  "arn:aws:ssm:*:644153193116:parameter/teste-sso/*"
                ],
                "sid": ""
              }
            ],
            "version": "2012-10-17"
          }
        }
      ]
    },
    {
      "mode": "data",
      "type": "aws_region",
      "name": "current",
      "provider": "provider.aws",
      "instances": [
        {
          "schema_version": 0,
          "attributes": {
            "description": "US East (N. Virginia)",
            "endpoint": "ec2.us-east-1.amazonaws.com",
            "id": "us-east-1",
            "name": "us-east-1"
          }
        }
      ]
    },
    {
      "mode": "data",
      "type": "aws_subnet_ids",
      "name": "private",
      "provider": "provider.aws",
      "instances": [
        {
          "schema_version": 0,
          "attributes": {
            "filter": [
              {
                "name": "tag:Tier",
                "values": [
                  "private"
                ]
              }
            ],
            "id": "vpc-073c533ab44080c4b",
            "ids": [
              "subnet-00209b1dda41fa287",
              "subnet-0b7f2e1daa76b2882",
              "subnet-0cae8bf401c6fb7aa"
            ],
            "tags": null,
            "vpc_id": "vpc-073c533ab44080c4b"
          }
        }
      ]
    },
    {
      "mode": "data",
      "type": "aws_vpc",
      "name": "this",
      "provider": "provider.aws",
      "instances": [
        {
          "schema_version": 0,
          "attributes": {
            "arn": "arn:aws:ec2:us-east-1:644153193116:vpc/vpc-073c533ab44080c4b",
            "cidr_block": "10.72.0.0/16",
            "cidr_block_associations": [
              {
                "association_id": "vpc-cidr-assoc-0336ded12161b05cf",
                "cidr_block": "10.72.0.0/16",
                "state": "associated"
              }
            ],
            "default": false,
            "dhcp_options_id": "dopt-8eccd4f6",
            "enable_dns_hostnames": true,
            "enable_dns_support": true,
            "filter": [
              {
                "name": "tag:Main",
                "values": [
                  "true"
                ]
              }
            ],
            "id": "vpc-073c533ab44080c4b",
            "instance_tenancy": "default",
            "ipv6_association_id": null,
            "ipv6_cidr_block": null,
            "main_route_table_id": "rtb-073ba2f45623485f9",
            "owner_id": "644153193116",
            "state": "available",
            "tags": {
              "Environment": "dev",
              "Main": "true",
              "Name": "fintech-us-east-1-dev",
              "Owner": "rodrigo.chacon",
              "Squad": "ProductionEngineering",
              "Terraform": "true",
              "cliditas.creditas.io/artifacts/docker": "644153193116.dkr.ecr.us-east-1.amazonaws.com",
              "cliditas.creditas.io/env": "dev.creditas.io",
              "kubernetes.io/cluster/k-v0-dev-creditas-io": "shared"
            }
          }
        }
      ]
    },
    {
      "mode": "data",
      "type": "template_file",
      "name": "container_definitions_file",
      "provider": "provider.template",
      "instances": [
        {
          "schema_version": 0,
          "attributes": {
            "filename": null,
            "id": "f0769fa54d8a3c9cb189dc431c4655dc0bde258b0166aeb27c1d5455cb6bcf5a",
            "rendered": "[\n  {\n    \"name\": \"teste-sso\",\n    \"image\": \"644153193116.dkr.ecr.us-east-1.amazonaws.com/teste-sso:latest\",\n    \"cpu\": 250,\n    \"memoryReservation\": 500,\n    \"essential\": true,\n    \"logConfiguration\": {\n      \"logDriver\": \"awslogs\",\n      \"options\": {\n        \"awslogs-group\": \"/ecs/teste-sso\",\n        \"awslogs-region\": \"us-east-1\",\n        \"awslogs-stream-prefix\": \"ecs\"\n      }\n    },\n    \"environment\": [\n      {\n        \"name\": \"ENV\",\n        \"value\": \"dev\"\n      }\n    ],\n    \"command\":[\n      \"init\"\n    ],\n    \"secrets\": [\n      {\n        \"name\": \"SSOSYNC_GOOGLE_CREDENTIALS\",\n        \"valueFrom\": \"arn:aws:ssm:us-east-1:644153193116:parameter/teste-sso/dev/SSOSYNC_GOOGLE_CREDENTIALS\"\n      },\n      {\n        \"name\": \"SSOSYNC_GOOGLE_CREDENTIALS_SECRET\",\n        \"valueFrom\": \"arn:aws:ssm:us-east-1:644153193116:parameter/teste-sso/dev/SSOSYNC_GOOGLE_CREDENTIALS_SECRET\"\n      },\n      {\n        \"name\": \"SSOSYNC_LOG_LEVEL\",\n        \"valueFrom\": \"arn:aws:ssm:us-east-1:644153193116:parameter/teste-sso/dev/SSOSYNC_LOG_LEVEL\"\n      },\n      {\n        \"name\": \"SSOSYNC_GOOGLE_ADMIN\",\n        \"valueFrom\": \"arn:aws:ssm:us-east-1:644153193116:parameter/teste-sso/dev/SSOSYNC_GOOGLE_ADMIN\"\n      },\n      {\n        \"name\": \"SSOSYNC_SCIM_ENDPOINT\",\n        \"valueFrom\": \"arn:aws:ssm:us-east-1:644153193116:parameter/teste-sso/dev/SSOSYNC_SCIM_ENDPOINT\"\n      },\n      {\n        \"name\": \"SSOSYNC_SCIM_ACCESS_TOKEN\",\n        \"valueFrom\": \"arn:aws:ssm:us-east-1:644153193116:parameter/teste-sso/dev/SSOSYNC_SCIM_ACCESS_TOKEN\"\n      },\n      {\n        \"name\": \"SSOSYNC_INCLUDE_GROUPS\",\n        \"valueFrom\": \"arn:aws:ssm:us-east-1:644153193116:parameter/teste-sso/dev/SSOSYNC_INCLUDE_GROUPS\"\n      },\n      {\n        \"name\": \"SSOSYNC_LOG_FORMAT\",\n        \"valueFrom\": \"arn:aws:ssm:us-east-1:644153193116:parameter/teste-sso/dev/SSOSYNC_LOG_FORMAT\"\n      }\n    ]\n  }\n]\n\n",
            "template": "[\n  {\n    \"name\": \"${name}\",\n    \"image\": \"${ecr_repository}:latest\",\n    \"cpu\": 250,\n    \"memoryReservation\": 500,\n    \"essential\": true,\n    \"logConfiguration\": {\n      \"logDriver\": \"awslogs\",\n      \"options\": {\n        \"awslogs-group\": \"/ecs/${name}\",\n        \"awslogs-region\": \"${region}\",\n        \"awslogs-stream-prefix\": \"ecs\"\n      }\n    },\n    \"environment\": [\n      {\n        \"name\": \"ENV\",\n        \"value\": \"${environment}\"\n      }\n    ],\n    \"command\":[\n      \"init\"\n    ],\n    \"secrets\": [\n      {\n        \"name\": \"SSOSYNC_GOOGLE_CREDENTIALS\",\n        \"valueFrom\": \"${application_ssm_arn}/SSOSYNC_GOOGLE_CREDENTIALS\"\n      },\n      {\n        \"name\": \"SSOSYNC_GOOGLE_CREDENTIALS_SECRET\",\n        \"valueFrom\": \"${application_ssm_arn}/SSOSYNC_GOOGLE_CREDENTIALS_SECRET\"\n      },\n      {\n        \"name\": \"SSOSYNC_LOG_LEVEL\",\n        \"valueFrom\": \"${application_ssm_arn}/SSOSYNC_LOG_LEVEL\"\n      },\n      {\n        \"name\": \"SSOSYNC_GOOGLE_ADMIN\",\n        \"valueFrom\": \"${application_ssm_arn}/SSOSYNC_GOOGLE_ADMIN\"\n      },\n      {\n        \"name\": \"SSOSYNC_SCIM_ENDPOINT\",\n        \"valueFrom\": \"${application_ssm_arn}/SSOSYNC_SCIM_ENDPOINT\"\n      },\n      {\n        \"name\": \"SSOSYNC_SCIM_ACCESS_TOKEN\",\n        \"valueFrom\": \"${application_ssm_arn}/SSOSYNC_SCIM_ACCESS_TOKEN\"\n      },\n      {\n        \"name\": \"SSOSYNC_INCLUDE_GROUPS\",\n        \"valueFrom\": \"${application_ssm_arn}/SSOSYNC_INCLUDE_GROUPS\"\n      },\n      {\n        \"name\": \"SSOSYNC_LOG_FORMAT\",\n        \"valueFrom\": \"${application_ssm_arn}/SSOSYNC_LOG_FORMAT\"\n      }\n    ]\n  }\n]\n\n",
            "vars": {
              "application_ssm_arn": "arn:aws:ssm:us-east-1:644153193116:parameter/teste-sso/dev",
              "ecr_repository": "644153193116.dkr.ecr.us-east-1.amazonaws.com/teste-sso",
              "environment": "dev",
              "name": "teste-sso",
              "region": "us-east-1"
            }
          }
        }
      ]
    },
    {
      "mode": "managed",
      "type": "aws_cloudwatch_log_group",
      "name": "cloudwatch_log_group",
      "provider": "provider.aws",
      "instances": [
        {
          "schema_version": 0,
          "attributes": {
            "arn": "arn:aws:logs:us-east-1:644153193116:log-group:/ecs/teste-sso",
            "id": "/ecs/teste-sso",
            "kms_key_id": "",
            "name": "/ecs/teste-sso",
            "name_prefix": null,
            "retention_in_days": 0,
            "tags": {
              "Application": "teste-sso",
              "Environment": "dev",
              "Name": "teste-sso",
              "Owner": "rafael.leonardo",
              "Squad": "ProductionEngineering",
              "Terraform": "true"
            }
          },
          "private": "bnVsbA=="
        }
      ]
    },
    {
      "mode": "managed",
      "type": "aws_cloudwatch_log_stream",
      "name": "cloudwatch_log_stream",
      "provider": "provider.aws",
      "instances": [
        {
          "schema_version": 0,
          "attributes": {
            "arn": "arn:aws:logs:us-east-1:644153193116:log-group:/ecs/teste-sso:log-stream:teste-sso",
            "id": "teste-sso",
            "log_group_name": "/ecs/teste-sso",
            "name": "teste-sso"
          },
          "private": "bnVsbA==",
          "dependencies": [
            "aws_cloudwatch_log_group.cloudwatch_log_group"
          ]
        }
      ]
    },
    {
      "mode": "managed",
      "type": "aws_ecr_repository",
      "name": "this",
      "provider": "provider.aws",
      "instances": [
        {
          "schema_version": 0,
          "attributes": {
            "arn": "arn:aws:ecr:us-east-1:644153193116:repository/teste-sso",
            "encryption_configuration": [
              {
                "encryption_type": "AES256",
                "kms_key": ""
              }
            ],
            "id": "teste-sso",
            "image_scanning_configuration": [
              {
                "scan_on_push": true
              }
            ],
            "image_tag_mutability": "MUTABLE",
            "name": "teste-sso",
            "registry_id": "644153193116",
            "repository_url": "644153193116.dkr.ecr.us-east-1.amazonaws.com/teste-sso",
            "tags": {},
            "timeouts": null
          },
          "private": "eyJlMmJmYjczMC1lY2FhLTExZTYtOGY4OC0zNDM2M2JjN2M0YzAiOnsiZGVsZXRlIjoxMjAwMDAwMDAwMDAwfX0="
        }
      ]
    },
    {
      "mode": "managed",
      "type": "aws_ecs_cluster",
      "name": "this",
      "provider": "provider.aws",
      "instances": [
        {
          "schema_version": 0,
          "attributes": {
            "arn": "arn:aws:ecs:us-east-1:644153193116:cluster/teste-sso",
            "capacity_providers": [
              "FARGATE"
            ],
            "default_capacity_provider_strategy": [],
            "id": "arn:aws:ecs:us-east-1:644153193116:cluster/teste-sso",
            "name": "teste-sso",
            "setting": [
              {
                "name": "containerInsights",
                "value": "enabled"
              }
            ],
            "tags": {
              "Application": "teste-sso",
              "Environment": "dev",
              "Name": "teste-sso",
              "Owner": "rafael.leonardo",
              "Squad": "ProductionEngineering",
              "Terraform": "true"
            }
          },
          "private": "bnVsbA=="
        }
      ]
    },
    {
      "mode": "managed",
      "type": "aws_ecs_service",
      "name": "this",
      "provider": "provider.aws",
      "instances": [
        {
          "schema_version": 0,
          "attributes": {
            "capacity_provider_strategy": [],
            "cluster": "arn:aws:ecs:us-east-1:644153193116:cluster/teste-sso",
            "deployment_controller": [
              {
                "type": "ECS"
              }
            ],
            "deployment_maximum_percent": 200,
            "deployment_minimum_healthy_percent": 100,
            "desired_count": 1,
            "enable_ecs_managed_tags": false,
            "force_new_deployment": null,
            "health_check_grace_period_seconds": 0,
            "iam_role": "aws-service-role",
            "id": "arn:aws:ecs:us-east-1:644153193116:service/teste-sso/teste-sso",
            "launch_type": "FARGATE",
            "load_balancer": [],
            "name": "teste-sso",
            "network_configuration": [
              {
                "assign_public_ip": false,
                "security_groups": [],
                "subnets": [
                  "subnet-00209b1dda41fa287",
                  "subnet-0b7f2e1daa76b2882",
                  "subnet-0cae8bf401c6fb7aa"
                ]
              }
            ],
            "ordered_placement_strategy": [],
            "placement_constraints": [],
            "platform_version": "LATEST",
            "propagate_tags": "NONE",
            "scheduling_strategy": "REPLICA",
            "service_registries": [],
            "tags": {},
            "task_definition": "arn:aws:ecs:us-east-1:644153193116:task-definition/teste-sso:4",
            "timeouts": null,
            "wait_for_steady_state": false
          },
          "private": "eyJlMmJmYjczMC1lY2FhLTExZTYtOGY4OC0zNDM2M2JjN2M0YzAiOnsiZGVsZXRlIjoxMjAwMDAwMDAwMDAwfX0=",
          "dependencies": [
            "aws_ecs_cluster.this",
            "aws_ecs_task_definition.this",
            "aws_iam_role.task_execution_role",
            "aws_iam_role.task_role"
          ]
        }
      ]
    },
    {
      "mode": "managed",
      "type": "aws_ecs_task_definition",
      "name": "this",
      "provider": "provider.aws",
      "instances": [
        {
          "schema_version": 1,
          "attributes": {
            "arn": "arn:aws:ecs:us-east-1:644153193116:task-definition/teste-sso:4",
            "container_definitions": "[{\"command\":[\"init\"],\"cpu\":250,\"environment\":[{\"name\":\"ENV\",\"value\":\"dev\"}],\"essential\":true,\"image\":\"644153193116.dkr.ecr.us-east-1.amazonaws.com/teste-sso:latest\",\"logConfiguration\":{\"logDriver\":\"awslogs\",\"options\":{\"awslogs-group\":\"/ecs/teste-sso\",\"awslogs-region\":\"us-east-1\",\"awslogs-stream-prefix\":\"ecs\"}},\"memoryReservation\":500,\"mountPoints\":[],\"name\":\"teste-sso\",\"portMappings\":[],\"secrets\":[{\"name\":\"SSOSYNC_GOOGLE_CREDENTIALS\",\"valueFrom\":\"arn:aws:ssm:us-east-1:644153193116:parameter/teste-sso/dev/SSOSYNC_GOOGLE_CREDENTIALS\"},{\"name\":\"SSOSYNC_GOOGLE_CREDENTIALS_SECRET\",\"valueFrom\":\"arn:aws:ssm:us-east-1:644153193116:parameter/teste-sso/dev/SSOSYNC_GOOGLE_CREDENTIALS_SECRET\"},{\"name\":\"SSOSYNC_LOG_LEVEL\",\"valueFrom\":\"arn:aws:ssm:us-east-1:644153193116:parameter/teste-sso/dev/SSOSYNC_LOG_LEVEL\"},{\"name\":\"SSOSYNC_GOOGLE_ADMIN\",\"valueFrom\":\"arn:aws:ssm:us-east-1:644153193116:parameter/teste-sso/dev/SSOSYNC_GOOGLE_ADMIN\"},{\"name\":\"SSOSYNC_SCIM_ENDPOINT\",\"valueFrom\":\"arn:aws:ssm:us-east-1:644153193116:parameter/teste-sso/dev/SSOSYNC_SCIM_ENDPOINT\"},{\"name\":\"SSOSYNC_SCIM_ACCESS_TOKEN\",\"valueFrom\":\"arn:aws:ssm:us-east-1:644153193116:parameter/teste-sso/dev/SSOSYNC_SCIM_ACCESS_TOKEN\"},{\"name\":\"SSOSYNC_INCLUDE_GROUPS\",\"valueFrom\":\"arn:aws:ssm:us-east-1:644153193116:parameter/teste-sso/dev/SSOSYNC_INCLUDE_GROUPS\"},{\"name\":\"SSOSYNC_LOG_FORMAT\",\"valueFrom\":\"arn:aws:ssm:us-east-1:644153193116:parameter/teste-sso/dev/SSOSYNC_LOG_FORMAT\"}],\"volumesFrom\":[]}]",
            "cpu": "256",
            "execution_role_arn": "arn:aws:iam::644153193116:role/teste-sso-task-execution-role",
            "family": "teste-sso",
            "id": "teste-sso",
            "inference_accelerator": [],
            "ipc_mode": "",
            "memory": "512",
            "network_mode": "awsvpc",
            "pid_mode": "",
            "placement_constraints": [],
            "proxy_configuration": [],
            "requires_compatibilities": [
              "FARGATE"
            ],
            "revision": 4,
            "tags": {
              "Application": "teste-sso",
              "Environment": "dev",
              "Name": "teste-sso",
              "Owner": "rafael.leonardo",
              "Squad": "ProductionEngineering",
              "Terraform": "true"
            },
            "task_role_arn": "arn:aws:iam::644153193116:role/teste-sso-task-role",
            "volume": []
          },
          "private": "eyJzY2hlbWFfdmVyc2lvbiI6IjEifQ==",
          "dependencies": [
            "aws_iam_role.task_execution_role",
            "aws_iam_role.task_role"
          ]
        }
      ]
    },
    {
      "mode": "managed",
      "type": "aws_iam_policy",
      "name": "task_execution_policy",
      "provider": "provider.aws",
      "instances": [
        {
          "schema_version": 0,
          "attributes": {
            "arn": "arn:aws:iam::644153193116:policy/teste-sso-task-execution-policy",
            "description": "",
            "id": "arn:aws:iam::644153193116:policy/teste-sso-task-execution-policy",
            "name": "teste-sso-task-execution-policy",
            "name_prefix": null,
            "path": "/",
            "policy": "{\n  \"Version\": \"2012-10-17\",\n  \"Statement\": [\n    {\n      \"Sid\": \"\",\n      \"Effect\": \"Allow\",\n      \"Action\": [\n        \"logs:PutLogEvents\",\n        \"logs:CreateLogStream\",\n        \"ecs:UpdateContainerInstancesState\",\n        \"ecs:Submit*\",\n        \"ecs:StartTelemetrySession\",\n        \"ecs:RegisterContainerInstance\",\n        \"ecs:Poll\",\n        \"ecs:DiscoverPollEndpoint\",\n        \"ecs:DeregisterContainerInstance\",\n        \"ecr:GetDownloadUrlForLayer\",\n        \"ecr:GetAuthorizationToken\",\n        \"ecr:BatchGetImage\",\n        \"ecr:BatchCheckLayerAvailability\"\n      ],\n      \"Resource\": \"*\"\n    },\n    {\n      \"Sid\": \"\",\n      \"Effect\": \"Allow\",\n      \"Action\": \"ssm:GetParameter*\",\n      \"Resource\": \"arn:aws:ssm:*:644153193116:parameter/teste-sso/*\"\n    }\n  ]\n}"
          },
          "private": "bnVsbA=="
        }
      ]
    },
    {
      "mode": "managed",
      "type": "aws_iam_role",
      "name": "service_role",
      "provider": "provider.aws",
      "instances": [
        {
          "schema_version": 0,
          "attributes": {
            "arn": "arn:aws:iam::644153193116:role/teste-sso-service",
            "assume_role_policy": "{\"Version\":\"2012-10-17\",\"Statement\":[{\"Sid\":\"\",\"Effect\":\"Allow\",\"Principal\":{\"Service\":\"ecs.amazonaws.com\"},\"Action\":\"sts:AssumeRole\"}]}",
            "create_date": "2020-11-16T19:30:29Z",
            "description": "",
            "force_detach_policies": false,
            "id": "teste-sso-service",
            "max_session_duration": 3600,
            "name": "teste-sso-service",
            "name_prefix": null,
            "path": "/",
            "permissions_boundary": null,
            "tags": {
              "Application": "teste-sso",
              "Environment": "dev",
              "Name": "teste-sso",
              "Owner": "rafael.leonardo",
              "Squad": "ProductionEngineering",
              "Terraform": "true"
            },
            "unique_id": "AROAZL6UFWKOLSD3LMU5G"
          },
          "private": "bnVsbA=="
        }
      ]
    },
    {
      "mode": "managed",
      "type": "aws_iam_role",
      "name": "task_execution_role",
      "provider": "provider.aws",
      "instances": [
        {
          "schema_version": 0,
          "attributes": {
            "arn": "arn:aws:iam::644153193116:role/teste-sso-task-execution-role",
            "assume_role_policy": "{\"Version\":\"2012-10-17\",\"Statement\":[{\"Sid\":\"AssumeRoleToSwitchRole\",\"Effect\":\"Allow\",\"Principal\":{\"Service\":\"ecs-tasks.amazonaws.com\"},\"Action\":\"sts:AssumeRole\"}]}",
            "create_date": "2020-11-16T19:30:27Z",
            "description": "",
            "force_detach_policies": false,
            "id": "teste-sso-task-execution-role",
            "max_session_duration": 3600,
            "name": "teste-sso-task-execution-role",
            "name_prefix": null,
            "path": "/",
            "permissions_boundary": null,
            "tags": {
              "Application": "teste-sso",
              "Environment": "dev",
              "Name": "teste-sso",
              "Owner": "rafael.leonardo",
              "Squad": "ProductionEngineering",
              "Terraform": "true"
            },
            "unique_id": "AROAZL6UFWKODRWNS2ZKH"
          },
          "private": "bnVsbA=="
        }
      ]
    },
    {
      "mode": "managed",
      "type": "aws_iam_role",
      "name": "task_role",
      "provider": "provider.aws",
      "instances": [
        {
          "schema_version": 0,
          "attributes": {
            "arn": "arn:aws:iam::644153193116:role/teste-sso-task-role",
            "assume_role_policy": "{\"Version\":\"2012-10-17\",\"Statement\":[{\"Sid\":\"AssumeRoleToSwitchRole\",\"Effect\":\"Allow\",\"Principal\":{\"Service\":\"ecs-tasks.amazonaws.com\"},\"Action\":\"sts:AssumeRole\"}]}",
            "create_date": "2020-11-16T19:30:27Z",
            "description": "",
            "force_detach_policies": false,
            "id": "teste-sso-task-role",
            "max_session_duration": 3600,
            "name": "teste-sso-task-role",
            "name_prefix": null,
            "path": "/",
            "permissions_boundary": null,
            "tags": {
              "Application": "teste-sso",
              "Environment": "dev",
              "Name": "teste-sso",
              "Owner": "rafael.leonardo",
              "Squad": "ProductionEngineering",
              "Terraform": "true"
            },
            "unique_id": "AROAZL6UFWKOFDFGX3D63"
          },
          "private": "bnVsbA=="
        }
      ]
    },
    {
      "mode": "managed",
      "type": "aws_iam_role_policy",
      "name": "service_policy",
      "provider": "provider.aws",
      "instances": [
        {
          "schema_version": 0,
          "attributes": {
            "id": "teste-sso-service:teste-sso-service",
            "name": "teste-sso-service",
            "name_prefix": null,
            "policy": "{\n  \"Version\": \"2012-10-17\",\n  \"Statement\": [\n    {\n      \"Sid\": \"\",\n      \"Effect\": \"Allow\",\n      \"Action\": \"logs:*\",\n      \"Resource\": \"*\"\n    },\n    {\n      \"Sid\": \"\",\n      \"Effect\": \"Allow\",\n      \"Action\": [\n        \"logs:PutLogEvents\",\n        \"logs:CreateLogStream\",\n        \"ecs:UpdateContainerInstancesState\",\n        \"ecs:Submit*\",\n        \"ecs:StartTelemetrySession\",\n        \"ecs:RegisterContainerInstance\",\n        \"ecs:Poll\",\n        \"ecs:DiscoverPollEndpoint\",\n        \"ecs:DeregisterContainerInstance\",\n        \"ecs:CreateCluster\",\n        \"ecr:GetDownloadUrlForLayer\",\n        \"ecr:GetAuthorizationToken\",\n        \"ecr:BatchGetImage\",\n        \"ecr:BatchCheckLayerAvailability\",\n        \"ec2:Describe*\"\n      ],\n      \"Resource\": \"*\"\n    }\n  ]\n}",
            "role": "teste-sso-service"
          },
          "private": "bnVsbA==",
          "dependencies": [
            "aws_iam_role.service_role"
          ]
        }
      ]
    },
    {
      "mode": "managed",
      "type": "aws_iam_role_policy_attachment",
      "name": "task_execution_policy_attachment",
      "provider": "provider.aws",
      "instances": [
        {
          "schema_version": 0,
          "attributes": {
            "id": "teste-sso-task-execution-role-20201116193030006800000002",
            "policy_arn": "arn:aws:iam::644153193116:policy/teste-sso-task-execution-policy",
            "role": "teste-sso-task-execution-role"
          },
          "private": "bnVsbA==",
          "dependencies": [
            "aws_iam_policy.task_execution_policy",
            "aws_iam_role.task_execution_role"
          ]
        }
      ]
    },
    {
      "mode": "managed",
      "type": "aws_iam_role_policy_attachment",
      "name": "task_role_policy_attachment",
      "provider": "provider.aws",
      "instances": [
        {
          "schema_version": 0,
          "attributes": {
            "id": "teste-sso-task-role-20201116193029785900000001",
            "policy_arn": "arn:aws:iam::644153193116:policy/teste-sso-task-execution-policy",
            "role": "teste-sso-task-role"
          },
          "private": "bnVsbA==",
          "dependencies": [
            "aws_iam_policy.task_execution_policy",
            "aws_iam_role.task_role"
          ]
        }
      ]
    },
    {
      "module": "module.parameter_store_ssosync_google_credentials",
      "mode": "managed",
      "type": "aws_ssm_parameter",
      "name": "ssm_parameter",
      "provider": "provider.aws",
      "instances": [
        {
          "schema_version": 0,
          "attributes": {
            "allowed_pattern": "",
            "arn": "arn:aws:ssm:us-east-1:644153193116:parameter/teste-sso/dev/SSOSYNC_GOOGLE_CREDENTIALS",
            "data_type": "text",
            "description": "empty",
            "id": "/teste-sso/dev/SSOSYNC_GOOGLE_CREDENTIALS",
            "key_id": "alias/aws/ssm",
            "name": "/teste-sso/dev/SSOSYNC_GOOGLE_CREDENTIALS",
            "overwrite": null,
            "tags": {
              "Application": "teste-sso",
              "Environment": "dev",
              "Name": "teste-sso",
              "Owner": "rafael.leonardo",
              "Squad": "ProductionEngineering",
              "Terraform": "true"
            },
            "tier": "Standard",
            "type": "SecureString",
            "value": "credentials.json",
            "version": 1
          },
          "private": "bnVsbA=="
        }
      ]
    },
    {
      "module": "module.parameter_store_ssosync_SCIM_ENDPOINT",
      "mode": "managed",
      "type": "aws_ssm_parameter",
      "name": "ssm_parameter",
      "provider": "provider.aws",
      "instances": [
        {
          "schema_version": 0,
          "attributes": {
            "allowed_pattern": "",
            "arn": "arn:aws:ssm:us-east-1:644153193116:parameter/teste-sso/dev/SSOSYNC_SCIM_ENDPOINT",
            "data_type": "text",
            "description": "empty",
            "id": "/teste-sso/dev/SSOSYNC_SCIM_ENDPOINT",
            "key_id": "alias/aws/ssm",
            "name": "/teste-sso/dev/SSOSYNC_SCIM_ENDPOINT",
            "overwrite": null,
            "tags": {
              "Application": "teste-sso",
              "Environment": "dev",
              "Name": "teste-sso",
              "Owner": "rafael.leonardo",
              "Squad": "ProductionEngineering",
              "Terraform": "true"
            },
            "tier": "Standard",
            "type": "SecureString",
            "value": "https://scim.us-east-1.amazonaws.com/f3va94ba79f-ddec-4ab1-92c6-64e9f8efef82/scim/v2/",
            "version": 1
          },
          "private": "bnVsbA=="
        }
      ]
    },
    {
      "module": "module.parameter_store_ssosync_log_format",
      "mode": "managed",
      "type": "aws_ssm_parameter",
      "name": "ssm_parameter",
      "provider": "provider.aws",
      "instances": [
        {
          "schema_version": 0,
          "attributes": {
            "allowed_pattern": "",
            "arn": "arn:aws:ssm:us-east-1:644153193116:parameter/teste-sso/dev/SSOSYNC_LOG_FORMAT",
            "data_type": "text",
            "description": "empty",
            "id": "/teste-sso/dev/SSOSYNC_LOG_FORMAT",
            "key_id": "alias/aws/ssm",
            "name": "/teste-sso/dev/SSOSYNC_LOG_FORMAT",
            "overwrite": null,
            "tags": {
              "Application": "teste-sso",
              "Environment": "dev",
              "Name": "teste-sso",
              "Owner": "rafael.leonardo",
              "Squad": "ProductionEngineering",
              "Terraform": "true"
            },
            "tier": "Standard",
            "type": "SecureString",
            "value": "json",
            "version": 1
          },
          "private": "bnVsbA=="
        }
      ]
    },
    {
      "module": "module.parameter_store_ssosync_include_groups",
      "mode": "managed",
      "type": "aws_ssm_parameter",
      "name": "ssm_parameter",
      "provider": "provider.aws",
      "instances": [
        {
          "schema_version": 0,
          "attributes": {
            "allowed_pattern": "",
            "arn": "arn:aws:ssm:us-east-1:644153193116:parameter/teste-sso/dev/SSOSYNC_INCLUDE_GROUPS",
            "data_type": "text",
            "description": "empty",
            "id": "/teste-sso/dev/SSOSYNC_INCLUDE_GROUPS",
            "key_id": "alias/aws/ssm",
            "name": "/teste-sso/dev/SSOSYNC_INCLUDE_GROUPS",
            "overwrite": null,
            "tags": {
              "Application": "teste-sso",
              "Environment": "dev",
              "Name": "teste-sso",
              "Owner": "rafael.leonardo",
              "Squad": "ProductionEngineering",
              "Terraform": "true"
            },
            "tier": "Standard",
            "type": "SecureString",
            "value": "access-aws-scd@creditas.com,pe@creditas.com.br",
            "version": 2
          },
          "private": "bnVsbA=="
        }
      ]
    },
    {
      "module": "module.parameter_store_ssosync_log_level",
      "mode": "managed",
      "type": "aws_ssm_parameter",
      "name": "ssm_parameter",
      "provider": "provider.aws",
      "instances": [
        {
          "schema_version": 0,
          "attributes": {
            "allowed_pattern": "",
            "arn": "arn:aws:ssm:us-east-1:644153193116:parameter/teste-sso/dev/SSOSYNC_LOG_LEVEL",
            "data_type": "text",
            "description": "empty",
            "id": "/teste-sso/dev/SSOSYNC_LOG_LEVEL",
            "key_id": "alias/aws/ssm",
            "name": "/teste-sso/dev/SSOSYNC_LOG_LEVEL",
            "overwrite": null,
            "tags": {
              "Application": "teste-sso",
              "Environment": "dev",
              "Name": "teste-sso",
              "Owner": "rafael.leonardo",
              "Squad": "ProductionEngineering",
              "Terraform": "true"
            },
            "tier": "Standard",
            "type": "SecureString",
            "value": "debug",
            "version": 1
          },
          "private": "bnVsbA=="
        }
      ]
    },
    {
      "module": "module.parameter_store_ssosync_google_admin",
      "mode": "managed",
      "type": "aws_ssm_parameter",
      "name": "ssm_parameter",
      "provider": "provider.aws",
      "instances": [
        {
          "schema_version": 0,
          "attributes": {
            "allowed_pattern": "",
            "arn": "arn:aws:ssm:us-east-1:644153193116:parameter/teste-sso/dev/SSOSYNC_GOOGLE_ADMIN",
            "data_type": "text",
            "description": "empty",
            "id": "/teste-sso/dev/SSOSYNC_GOOGLE_ADMIN",
            "key_id": "alias/aws/ssm",
            "name": "/teste-sso/dev/SSOSYNC_GOOGLE_ADMIN",
            "overwrite": null,
            "tags": {
              "Application": "teste-sso",
              "Environment": "dev",
              "Name": "teste-sso",
              "Owner": "rafael.leonardo",
              "Squad": "ProductionEngineering",
              "Terraform": "true"
            },
            "tier": "Standard",
            "type": "SecureString",
            "value": "aws-auth@creditas.com",
            "version": 1
          },
          "private": "bnVsbA=="
        }
      ]
    },
    {
      "module": "module.parameter_store_ssosync_scim_access_token",
      "mode": "managed",
      "type": "aws_ssm_parameter",
      "name": "ssm_parameter",
      "provider": "provider.aws",
      "instances": [
        {
          "schema_version": 0,
          "attributes": {
            "allowed_pattern": "",
            "arn": "arn:aws:ssm:us-east-1:644153193116:parameter/teste-sso/dev/SSOSYNC_SCIM_ACCESS_TOKEN",
            "data_type": "text",
            "description": "empty",
            "id": "/teste-sso/dev/SSOSYNC_SCIM_ACCESS_TOKEN",
            "key_id": "alias/aws/ssm",
            "name": "/teste-sso/dev/SSOSYNC_SCIM_ACCESS_TOKEN",
            "overwrite": null,
            "tags": {
              "Application": "teste-sso",
              "Environment": "dev",
              "Name": "teste-sso",
              "Owner": "rafael.leonardo",
              "Squad": "ProductionEngineering",
              "Terraform": "true"
            },
            "tier": "Standard",
            "type": "SecureString",
            "value": "1505a637-19e4-4c3e-9333-1977c4b5244e:762fc824-2851-45b2-81da-d5733273e5f1:3oXZdBMtIx9eAh7nVQx1Y6smsh/1tgRUfY4SKyeIbZb4cXFHucTcH8BX2p4+JbSQqL8RjNCQ478IDE9oJQb87j+aZY4cVyZN5OJFoiTCF4dATCHIoCNfNi5+4Nbjx4lNE4w9r70iKoy9QuVo2gPC46q6ECnzzkEaXhA=:FQ7VuRUKXvD6GovtSoA7rGWYymv0Bk3gGgcbr8mWV+I9/1CVg6o8W36qBfN7STGsoD5UZPS+o5PEBLFWcqF/LP1BAnPlMs7isLXMWXOZZmoxCXW5V4jMxsMl+HaUoJ4AVunv9SfpMmOLP9RbQB2oRIuHsG2EkDgh00DbJrb6pqkk2NkXy4H3iaLrMVtrUzHv0vk8vM6ze/Iy67MpwkOd2BXU6r0nxJVaW/o7gWAX36dsbakWU+uTVU5GaJeNbKNQrlmCac1pA5vbi5kOKiEqDXXY91i2vNry74b4wQTszxmRl9UZ67309e541CGhmrOhBRaQ+UkCarjvZQ+cwUqSuw==",
            "version": 1
          },
          "private": "bnVsbA=="
        }
      ]
    }
  ]
}
